{
  "name": "joker-rummy",
  "lockfileVersion": 2,
  "requires": true,
  "packages": {
    "": {
      "dependencies": {
        "card-deck": "^1.0.1"
      }
    },
    "node_modules/card-deck": {
      "version": "1.0.1",
      "resolved": "https://registry.npmjs.org/card-deck/-/card-deck-1.0.1.tgz",
      "integrity": "sha512-ET1+FkhGutPjbeFSBjYqA1n5wtDJHKf9vS15FnwbSQfDXzd/dJN3SEMcqfFDgHjP5z8Xe9yhPOfvfN4qdIaxww=="
    }
  },
  "dependencies": {
    "card-deck": {
      "version": "1.0.1",
      "resolved": "https://registry.npmjs.org/card-deck/-/card-deck-1.0.1.tgz",
      "integrity": "sha512-ET1+FkhGutPjbeFSBjYqA1n5wtDJHKf9vS15FnwbSQfDXzd/dJN3SEMcqfFDgHjP5z8Xe9yhPOfvfN4qdIaxww=="
    }
  }
}
